# This file is autogenerated, do not edit; changes may be undone by the next 'dep ensure'.


[[projects]]
  branch = "master"
  digest = "1:c742dcfe9b6dee751d12f7a7039263c83640d4946a5199da285403fc7ff35258"
  name = "github.com/google/go-jsonnet"
  packages = [
    ".",
    "ast",
    "parser",
  ]
  pruneopts = ""
  revision = "c7a5b68f1c7a2f5e69736e489790f58edd27f7f3"

[solve-meta]
  analyzer-name = "dep"
  analyzer-version = 1
  input-imports = [
    "github.com/google/go-jsonnet",
    "github.com/google/go-jsonnet/ast",
  ]
  solver-name = "gps-cdcl"
  solver-version = 1
